// !$*UTF8*$!
{
	archiveVersion = 1;
	classes = {
	};
	objectVersion = 56;
	objects = {

/* Begin PBXBuildFile section */
		78460D772A1CF8E900657863 /* Discover_SearchView.swift in Sources */ = {isa = PBXBuildFile; fileRef = 78460D762A1CF8E900657863 /* Discover_SearchView.swift */; };
		78460D792A1E3F9700657863 /* SearchListView.swift in Sources */ = {isa = PBXBuildFile; fileRef = 78460D782A1E3F9700657863 /* SearchListView.swift */; };
		78460D7B2A1E400D00657863 /* SearchTendenciesView.swift in Sources */ = {isa = PBXBuildFile; fileRef = 78460D7A2A1E400D00657863 /* SearchTendenciesView.swift */; };
		78DA3BC32A20DB5400C8DFF2 /* ModalBookView.swift in Sources */ = {isa = PBXBuildFile; fileRef = 78DA3BC22A20DB5400C8DFF2 /* ModalBookView.swift */; };
		F8886AF62A1F7F45008C13E2 /* BookComponent.swift in Sources */ = {isa = PBXBuildFile; fileRef = F8886AF52A1F7F45008C13E2 /* BookComponent.swift */; };
		F8886AF82A1F86E7008C13E2 /* BookGallery.swift in Sources */ = {isa = PBXBuildFile; fileRef = F8886AF72A1F86E7008C13E2 /* BookGallery.swift */; };
		F8AC87552A1CF7DA00BD919A /* BibliotecaView.swift in Sources */ = {isa = PBXBuildFile; fileRef = F8AC87542A1CF7DA00BD919A /* BibliotecaView.swift */; };
		F8CA33742A20FE6B00783897 /* BookLineComponent.swift in Sources */ = {isa = PBXBuildFile; fileRef = F8CA33732A20FE6B00783897 /* BookLineComponent.swift */; };
		F8CA33762A20FFD500783897 /* NewTag.swift in Sources */ = {isa = PBXBuildFile; fileRef = F8CA33752A20FFD500783897 /* NewTag.swift */; };
		F8FAFBA22A1E34F700AF425F /* CollectionsView.swift in Sources */ = {isa = PBXBuildFile; fileRef = F8FAFBA12A1E34F700AF425F /* CollectionsView.swift */; };
		FB23ACA52A1CDEEC0034E6CA /* BooksCopyApp.swift in Sources */ = {isa = PBXBuildFile; fileRef = FB23ACA42A1CDEEC0034E6CA /* BooksCopyApp.swift */; };
		FB23ACA72A1CDEEC0034E6CA /* ContentView.swift in Sources */ = {isa = PBXBuildFile; fileRef = FB23ACA62A1CDEEC0034E6CA /* ContentView.swift */; };
		FB23ACA92A1CDEED0034E6CA /* Assets.xcassets in Resources */ = {isa = PBXBuildFile; fileRef = FB23ACA82A1CDEED0034E6CA /* Assets.xcassets */; };
		FB23ACAC2A1CDEED0034E6CA /* Preview Assets.xcassets in Resources */ = {isa = PBXBuildFile; fileRef = FB23ACAB2A1CDEED0034E6CA /* Preview Assets.xcassets */; };
/* End PBXBuildFile section */

/* Begin PBXFileReference section */
		78460D762A1CF8E900657863 /* Discover_SearchView.swift */ = {isa = PBXFileReference; lastKnownFileType = sourcecode.swift; path = Discover_SearchView.swift; sourceTree = "<group>"; };
		78460D782A1E3F9700657863 /* SearchListView.swift */ = {isa = PBXFileReference; lastKnownFileType = sourcecode.swift; path = SearchListView.swift; sourceTree = "<group>"; };
		78460D7A2A1E400D00657863 /* SearchTendenciesView.swift */ = {isa = PBXFileReference; lastKnownFileType = sourcecode.swift; path = SearchTendenciesView.swift; sourceTree = "<group>"; };
		78DA3BC22A20DB5400C8DFF2 /* ModalBookView.swift */ = {isa = PBXFileReference; lastKnownFileType = sourcecode.swift; path = ModalBookView.swift; sourceTree = "<group>"; };
		F8886AF52A1F7F45008C13E2 /* BookComponent.swift */ = {isa = PBXFileReference; lastKnownFileType = sourcecode.swift; path = BookComponent.swift; sourceTree = "<group>"; };
		F8886AF72A1F86E7008C13E2 /* BookGallery.swift */ = {isa = PBXFileReference; lastKnownFileType = sourcecode.swift; path = BookGallery.swift; sourceTree = "<group>"; };
		F8AC87542A1CF7DA00BD919A /* BibliotecaView.swift */ = {isa = PBXFileReference; lastKnownFileType = sourcecode.swift; path = BibliotecaView.swift; sourceTree = "<group>"; };
		F8CA33732A20FE6B00783897 /* BookLineComponent.swift */ = {isa = PBXFileReference; lastKnownFileType = sourcecode.swift; path = BookLineComponent.swift; sourceTree = "<group>"; };
		F8CA33752A20FFD500783897 /* NewTag.swift */ = {isa = PBXFileReference; lastKnownFileType = sourcecode.swift; path = NewTag.swift; sourceTree = "<group>"; };
		F8FAFBA12A1E34F700AF425F /* CollectionsView.swift */ = {isa = PBXFileReference; lastKnownFileType = sourcecode.swift; path = CollectionsView.swift; sourceTree = "<group>"; };
		FB23ACA12A1CDEEC0034E6CA /* BooksCopy.app */ = {isa = PBXFileReference; explicitFileType = wrapper.application; includeInIndex = 0; path = BooksCopy.app; sourceTree = BUILT_PRODUCTS_DIR; };
		FB23ACA42A1CDEEC0034E6CA /* BooksCopyApp.swift */ = {isa = PBXFileReference; lastKnownFileType = sourcecode.swift; path = BooksCopyApp.swift; sourceTree = "<group>"; };
		FB23ACA62A1CDEEC0034E6CA /* ContentView.swift */ = {isa = PBXFileReference; lastKnownFileType = sourcecode.swift; path = ContentView.swift; sourceTree = "<group>"; };
		FB23ACA82A1CDEED0034E6CA /* Assets.xcassets */ = {isa = PBXFileReference; lastKnownFileType = folder.assetcatalog; path = Assets.xcassets; sourceTree = "<group>"; };
		FB23ACAB2A1CDEED0034E6CA /* Preview Assets.xcassets */ = {isa = PBXFileReference; lastKnownFileType = folder.assetcatalog; path = "Preview Assets.xcassets"; sourceTree = "<group>"; };
/* End PBXFileReference section */

/* Begin PBXFrameworksBuildPhase section */
		FB23AC9E2A1CDEEC0034E6CA /* Frameworks */ = {
			isa = PBXFrameworksBuildPhase;
			buildActionMask = 2147483647;
			files = (
			);
			runOnlyForDeploymentPostprocessing = 0;
		};
/* End PBXFrameworksBuildPhase section */

/* Begin PBXGroup section */
		78460D732A1CF5FB00657863 /* Search */ = {
			isa = PBXGroup;
			children = (
				78460D762A1CF8E900657863 /* Discover_SearchView.swift */,
			);
			path = Search;
			sourceTree = "<group>";
		};
		F8AC87522A1CE14500BD919A /* Components */ = {
			isa = PBXGroup;
			children = (
				78460D782A1E3F9700657863 /* SearchListView.swift */,
				78460D7A2A1E400D00657863 /* SearchTendenciesView.swift */,
				78DA3BC22A20DB5400C8DFF2 /* ModalBookView.swift */,
				F8886AF52A1F7F45008C13E2 /* BookComponent.swift */,
				F8886AF72A1F86E7008C13E2 /* BookGallery.swift */,
				F8CA33732A20FE6B00783897 /* BookLineComponent.swift */,
				F8CA33752A20FFD500783897 /* NewTag.swift */,
			);
			path = Components;
			sourceTree = "<group>";
		};
		F8AC87532A1CE15200BD919A /* Pages */ = {
			isa = PBXGroup;
			children = (
				78460D732A1CF5FB00657863 /* Search */,
				F8AC87542A1CF7DA00BD919A /* BibliotecaView.swift */,
				F8FAFBA12A1E34F700AF425F /* CollectionsView.swift */,
			);
			path = Pages;
			sourceTree = "<group>";
		};
		FB23AC982A1CDEEC0034E6CA = {
			isa = PBXGroup;
			children = (
				FB23ACA32A1CDEEC0034E6CA /* BooksCopy */,
				FB23ACA22A1CDEEC0034E6CA /* Products */,
			);
			sourceTree = "<group>";
		};
		FB23ACA22A1CDEEC0034E6CA /* Products */ = {
			isa = PBXGroup;
			children = (
				FB23ACA12A1CDEEC0034E6CA /* BooksCopy.app */,
			);
			name = Products;
			sourceTree = "<group>";
		};
		FB23ACA32A1CDEEC0034E6CA /* BooksCopy */ = {
			isa = PBXGroup;
			children = (
				F8AC87532A1CE15200BD919A /* Pages */,
				F8AC87522A1CE14500BD919A /* Components */,
				FB23ACA42A1CDEEC0034E6CA /* BooksCopyApp.swift */,
				FB23ACA62A1CDEEC0034E6CA /* ContentView.swift */,
				FB23ACA82A1CDEED0034E6CA /* Assets.xcassets */,
				FB23ACAA2A1CDEED0034E6CA /* Preview Content */,
			);
			path = BooksCopy;
			sourceTree = "<group>";
		};
		FB23ACAA2A1CDEED0034E6CA /* Preview Content */ = {
			isa = PBXGroup;
			children = (
				FB23ACAB2A1CDEED0034E6CA /* Preview Assets.xcassets */,
			);
			path = "Preview Content";
			sourceTree = "<group>";
		};
/* End PBXGroup section */

/* Begin PBXNativeTarget section */
		FB23ACA02A1CDEEC0034E6CA /* BooksCopy */ = {
			isa = PBXNativeTarget;
			buildConfigurationList = FB23ACAF2A1CDEED0034E6CA /* Build configuration list for PBXNativeTarget "BooksCopy" */;
			buildPhases = (
				FB23AC9D2A1CDEEC0034E6CA /* Sources */,
				FB23AC9E2A1CDEEC0034E6CA /* Frameworks */,
				FB23AC9F2A1CDEEC0034E6CA /* Resources */,
			);
			buildRules = (
			);
			dependencies = (
			);
			name = BooksCopy;
			productName = BooksCopy;
			productReference = FB23ACA12A1CDEEC0034E6CA /* BooksCopy.app */;
			productType = "com.apple.product-type.application";
		};
/* End PBXNativeTarget section */

/* Begin PBXProject section */
		FB23AC992A1CDEEC0034E6CA /* Project object */ = {
			isa = PBXProject;
			attributes = {
				BuildIndependentTargetsInParallel = 1;
				LastSwiftUpdateCheck = 1430;
				LastUpgradeCheck = 1430;
				TargetAttributes = {
					FB23ACA02A1CDEEC0034E6CA = {
						CreatedOnToolsVersion = 14.3;
					};
				};
			};
			buildConfigurationList = FB23AC9C2A1CDEEC0034E6CA /* Build configuration list for PBXProject "BooksCopy" */;
			compatibilityVersion = "Xcode 14.0";
			developmentRegion = en;
			hasScannedForEncodings = 0;
			knownRegions = (
				en,
				Base,
			);
			mainGroup = FB23AC982A1CDEEC0034E6CA;
			productRefGroup = FB23ACA22A1CDEEC0034E6CA /* Products */;
			projectDirPath = "";
			projectRoot = "";
			targets = (
				FB23ACA02A1CDEEC0034E6CA /* BooksCopy */,
			);
		};
/* End PBXProject section */

/* Begin PBXResourcesBuildPhase section */
		FB23AC9F2A1CDEEC0034E6CA /* Resources */ = {
			isa = PBXResourcesBuildPhase;
			buildActionMask = 2147483647;
			files = (
				FB23ACAC2A1CDEED0034E6CA /* Preview Assets.xcassets in Resources */,
				FB23ACA92A1CDEED0034E6CA /* Assets.xcassets in Resources */,
			);
			runOnlyForDeploymentPostprocessing = 0;
		};
/* End PBXResourcesBuildPhase section */

/* Begin PBXSourcesBuildPhase section */
		FB23AC9D2A1CDEEC0034E6CA /* Sources */ = {
			isa = PBXSourcesBuildPhase;
			buildActionMask = 2147483647;
			files = (
				78460D792A1E3F9700657863 /* SearchListView.swift in Sources */,
				78DA3BC32A20DB5400C8DFF2 /* ModalBookView.swift in Sources */,
				FB23ACA72A1CDEEC0034E6CA /* ContentView.swift in Sources */,
				78460D7B2A1E400D00657863 /* SearchTendenciesView.swift in Sources */,
				FB23ACA52A1CDEEC0034E6CA /* BooksCopyApp.swift in Sources */,
				78460D772A1CF8E900657863 /* Discover_SearchView.swift in Sources */,
				F8CA33742A20FE6B00783897 /* BookLineComponent.swift in Sources */,
				F8FAFBA22A1E34F700AF425F /* CollectionsView.swift in Sources */,
				F8886AF82A1F86E7008C13E2 /* BookGallery.swift in Sources */,
				F8CA33762A20FFD500783897 /* NewTag.swift in Sources */,
				F8AC87552A1CF7DA00BD919A /* BibliotecaView.swift in Sources */,
				F8886AF62A1F7F45008C13E2 /* BookComponent.swift in Sources */,
			);
			runOnlyForDeploymentPostprocessing = 0;
		};
/* End PBXSourcesBuildPhase section */

/* Begin XCBuildConfiguration section */
		FB23ACAD2A1CDEED0034E6CA /* Debug */ = {
			isa = XCBuildConfiguration;
			buildSettings = {
				ALWAYS_SEARCH_USER_PATHS = NO;
				CLANG_ANALYZER_NONNULL = YES;
				CLANG_ANALYZER_NUMBER_OBJECT_CONVERSION = YES_AGGRESSIVE;
				CLANG_CXX_LANGUAGE_STANDARD = "gnu++20";
				CLANG_ENABLE_MODULES = YES;
				CLANG_ENABLE_OBJC_ARC = YES;
				CLANG_ENABLE_OBJC_WEAK = YES;
				CLANG_WARN_BLOCK_CAPTURE_AUTORELEASING = YES;
				CLANG_WARN_BOOL_CONVERSION = YES;
				CLANG_WARN_COMMA = YES;
				CLANG_WARN_CONSTANT_CONVERSION = YES;
				CLANG_WARN_DEPRECATED_OBJC_IMPLEMENTATIONS = YES;
				CLANG_WARN_DIRECT_OBJC_ISA_USAGE = YES_ERROR;
				CLANG_WARN_DOCUMENTATION_COMMENTS = YES;
				CLANG_WARN_EMPTY_BODY = YES;
				CLANG_WARN_ENUM_CONVERSION = YES;
				CLANG_WARN_INFINITE_RECURSION = YES;
				CLANG_WARN_INT_CONVERSION = YES;
				CLANG_WARN_NON_LITERAL_NULL_CONVERSION = YES;
				CLANG_WARN_OBJC_IMPLICIT_RETAIN_SELF = YES;
				CLANG_WARN_OBJC_LITERAL_CONVERSION = YES;
				CLANG_WARN_OBJC_ROOT_CLASS = YES_ERROR;
				CLANG_WARN_QUOTED_INCLUDE_IN_FRAMEWORK_HEADER = YES;
				CLANG_WARN_RANGE_LOOP_ANALYSIS = YES;
				CLANG_WARN_STRICT_PROTOTYPES = YES;
				CLANG_WARN_SUSPICIOUS_MOVE = YES;
				CLANG_WARN_UNGUARDED_AVAILABILITY = YES_AGGRESSIVE;
				CLANG_WARN_UNREACHABLE_CODE = YES;
				CLANG_WARN__DUPLICATE_METHOD_MATCH = YES;
				COPY_PHASE_STRIP = NO;
				DEBUG_INFORMATION_FORMAT = dwarf;
				ENABLE_STRICT_OBJC_MSGSEND = YES;
				ENABLE_TESTABILITY = YES;
				GCC_C_LANGUAGE_STANDARD = gnu11;
				GCC_DYNAMIC_NO_PIC = NO;
				GCC_NO_COMMON_BLOCKS = YES;
				GCC_OPTIMIZATION_LEVEL = 0;
				GCC_PREPROCESSOR_DEFINITIONS = (
					"DEBUG=1",
					"$(inherited)",
				);
				GCC_WARN_64_TO_32_BIT_CONVERSION = YES;
				GCC_WARN_ABOUT_RETURN_TYPE = YES_ERROR;
				GCC_WARN_UNDECLARED_SELECTOR = YES;
				GCC_WARN_UNINITIALIZED_AUTOS = YES_AGGRESSIVE;
				GCC_WARN_UNUSED_FUNCTION = YES;
				GCC_WARN_UNUSED_VARIABLE = YES;
				IPHONEOS_DEPLOYMENT_TARGET = 16.4;
				MTL_ENABLE_DEBUG_INFO = INCLUDE_SOURCE;
				MTL_FAST_MATH = YES;
				ONLY_ACTIVE_ARCH = YES;
				SDKROOT = iphoneos;
				SWIFT_ACTIVE_COMPILATION_CONDITIONS = DEBUG;
				SWIFT_OPTIMIZATION_LEVEL = "-Onone";
			};
			name = Debug;
		};
		FB23ACAE2A1CDEED0034E6CA /* Release */ = {
			isa = XCBuildConfiguration;
			buildSettings = {
				ALWAYS_SEARCH_USER_PATHS = NO;
				CLANG_ANALYZER_NONNULL = YES;
				CLANG_ANALYZER_NUMBER_OBJECT_CONVERSION = YES_AGGRESSIVE;
				CLANG_CXX_LANGUAGE_STANDARD = "gnu++20";
				CLANG_ENABLE_MODULES = YES;
				CLANG_ENABLE_OBJC_ARC = YES;
				CLANG_ENABLE_OBJC_WEAK = YES;
				CLANG_WARN_BLOCK_CAPTURE_AUTORELEASING = YES;
				CLANG_WARN_BOOL_CONVERSION = YES;
				CLANG_WARN_COMMA = YES;
				CLANG_WARN_CONSTANT_CONVERSION = YES;
				CLANG_WARN_DEPRECATED_OBJC_IMPLEMENTATIONS = YES;
				CLANG_WARN_DIRECT_OBJC_ISA_USAGE = YES_ERROR;
				CLANG_WARN_DOCUMENTATION_COMMENTS = YES;
				CLANG_WARN_EMPTY_BODY = YES;
				CLANG_WARN_ENUM_CONVERSION = YES;
				CLANG_WARN_INFINITE_RECURSION = YES;
				CLANG_WARN_INT_CONVERSION = YES;
				CLANG_WARN_NON_LITERAL_NULL_CONVERSION = YES;
				CLANG_WARN_OBJC_IMPLICIT_RETAIN_SELF = YES;
				CLANG_WARN_OBJC_LITERAL_CONVERSION = YES;
				CLANG_WARN_OBJC_ROOT_CLASS = YES_ERROR;
				CLANG_WARN_QUOTED_INCLUDE_IN_FRAMEWORK_HEADER = YES;
				CLANG_WARN_RANGE_LOOP_ANALYSIS = YES;
				CLANG_WARN_STRICT_PROTOTYPES = YES;
				CLANG_WARN_SUSPICIOUS_MOVE = YES;
				CLANG_WARN_UNGUARDED_AVAILABILITY = YES_AGGRESSIVE;
				CLANG_WARN_UNREACHABLE_CODE = YES;
				CLANG_WARN__DUPLICATE_METHOD_MATCH = YES;
				COPY_PHASE_STRIP = NO;
				DEBUG_INFORMATION_FORMAT = "dwarf-with-dsym";
				ENABLE_NS_ASSERTIONS = NO;
				ENABLE_STRICT_OBJC_MSGSEND = YES;
				GCC_C_LANGUAGE_STANDARD = gnu11;
				GCC_NO_COMMON_BLOCKS = YES;
				GCC_WARN_64_TO_32_BIT_CONVERSION = YES;
				GCC_WARN_ABOUT_RETURN_TYPE = YES_ERROR;
				GCC_WARN_UNDECLARED_SELECTOR = YES;
				GCC_WARN_UNINITIALIZED_AUTOS = YES_AGGRESSIVE;
				GCC_WARN_UNUSED_FUNCTION = YES;
				GCC_WARN_UNUSED_VARIABLE = YES;
				IPHONEOS_DEPLOYMENT_TARGET = 16.4;
				MTL_ENABLE_DEBUG_INFO = NO;
				MTL_FAST_MATH = YES;
				SDKROOT = iphoneos;
				SWIFT_COMPILATION_MODE = wholemodule;
				SWIFT_OPTIMIZATION_LEVEL = "-O";
				VALIDATE_PRODUCT = YES;
			};
			name = Release;
		};
		FB23ACB02A1CDEED0034E6CA /* Debug */ = {
			isa = XCBuildConfiguration;
			buildSettings = {
				ASSETCATALOG_COMPILER_APPICON_NAME = AppIcon;
				ASSETCATALOG_COMPILER_GLOBAL_ACCENT_COLOR_NAME = AccentColor;
				CODE_SIGN_STYLE = Automatic;
				CURRENT_PROJECT_VERSION = 1;
				DEVELOPMENT_ASSET_PATHS = "\"BooksCopy/Preview Content\"";
				DEVELOPMENT_TEAM = G82J2A5RFG;
				ENABLE_PREVIEWS = YES;
				GENERATE_INFOPLIST_FILE = YES;
				INFOPLIST_KEY_UIApplicationSceneManifest_Generation = YES;
				INFOPLIST_KEY_UIApplicationSupportsIndirectInputEvents = YES;
				INFOPLIST_KEY_UILaunchScreen_Generation = YES;
				INFOPLIST_KEY_UISupportedInterfaceOrientations_iPad = "UIInterfaceOrientationPortrait UIInterfaceOrientationPortraitUpsideDown UIInterfaceOrientationLandscapeLeft UIInterfaceOrientationLandscapeRight";
				INFOPLIST_KEY_UISupportedInterfaceOrientations_iPhone = "UIInterfaceOrientationPortrait UIInterfaceOrientationLandscapeLeft UIInterfaceOrientationLandscapeRight";
				IPHONEOS_DEPLOYMENT_TARGET = 16.2;
				LD_RUNPATH_SEARCH_PATHS = (
					"$(inherited)",
					"@executable_path/Frameworks",
				);
				MARKETING_VERSION = 1.0;
				PRODUCT_BUNDLE_IDENTIFIER = luissiqueira.BooksCopy;
				PRODUCT_NAME = "$(TARGET_NAME)";
				SWIFT_EMIT_LOC_STRINGS = YES;
				SWIFT_VERSION = 5.0;
				TARGETED_DEVICE_FAMILY = "1,2";
			};
			name = Debug;
		};
		FB23ACB12A1CDEED0034E6CA /* Release */ = {
			isa = XCBuildConfiguration;
			buildSettings = {
				ASSETCATALOG_COMPILER_APPICON_NAME = AppIcon;
				ASSETCATALOG_COMPILER_GLOBAL_ACCENT_COLOR_NAME = AccentColor;
				CODE_SIGN_STYLE = Automatic;
				CURRENT_PROJECT_VERSION = 1;
				DEVELOPMENT_ASSET_PATHS = "\"BooksCopy/Preview Content\"";
				DEVELOPMENT_TEAM = G82J2A5RFG;
				ENABLE_PREVIEWS = YES;
				GENERATE_INFOPLIST_FILE = YES;
				INFOPLIST_KEY_UIApplicationSceneManifest_Generation = YES;
				INFOPLIST_KEY_UIApplicationSupportsIndirectInputEvents = YES;
				INFOPLIST_KEY_UILaunchScreen_Generation = YES;
				INFOPLIST_KEY_UISupportedInterfaceOrientations_iPad = "UIInterfaceOrientationPortrait UIInterfaceOrientationPortraitUpsideDown UIInterfaceOrientationLandscapeLeft UIInterfaceOrientationLandscapeRight";
				INFOPLIST_KEY_UISupportedInterfaceOrientations_iPhone = "UIInterfaceOrientationPortrait UIInterfaceOrientationLandscapeLeft UIInterfaceOrientationLandscapeRight";
				IPHONEOS_DEPLOYMENT_TARGET = 16.2;
				LD_RUNPATH_SEARCH_PATHS = (
					"$(inherited)",
					"@executable_path/Frameworks",
				);
				MARKETING_VERSION = 1.0;
				PRODUCT_BUNDLE_IDENTIFIER = luissiqueira.BooksCopy;
				PRODUCT_NAME = "$(TARGET_NAME)";
				SWIFT_EMIT_LOC_STRINGS = YES;
				SWIFT_VERSION = 5.0;
				TARGETED_DEVICE_FAMILY = "1,2";
			};
			name = Release;
		};
/* End XCBuildConfiguration section */

/* Begin XCConfigurationList section */
		FB23AC9C2A1CDEEC0034E6CA /* Build configuration list for PBXProject "BooksCopy" */ = {
			isa = XCConfigurationList;
			buildConfigurations = (
				FB23ACAD2A1CDEED0034E6CA /* Debug */,
				FB23ACAE2A1CDEED0034E6CA /* Release */,
			);
			defaultConfigurationIsVisible = 0;
			defaultConfigurationName = Release;
		};
		FB23ACAF2A1CDEED0034E6CA /* Build configuration list for PBXNativeTarget "BooksCopy" */ = {
			isa = XCConfigurationList;
			buildConfigurations = (
				FB23ACB02A1CDEED0034E6CA /* Debug */,
				FB23ACB12A1CDEED0034E6CA /* Release */,
			);
			defaultConfigurationIsVisible = 0;
			defaultConfigurationName = Release;
		};
/* End XCConfigurationList section */
	};
	rootObject = FB23AC992A1CDEEC0034E6CA /* Project object */;
}
