{
  "pins" : [
    {
      "identity" : "swiftui-introspect",
      "kind" : "remoteSourceControl",
      "location" : "https://github.com/siteline/SwiftUI-Introspect.git",
      "state" : {
        "branch" : "master",
        "revision" : "5b3f3996c7a2a84d5f4ba0e03cd7d584154778f2"
      }
    }
  ],
  "version" : 2
}
